// !$*UTF8*$!
{
	archiveVersion = 1;
	classes = {
	};
	objectVersion = 56;
	objects = {

/* Begin PBXBuildFile section */
		9520C02929C2192C00E02C32 /* StoreTestAppSwiftUIApp.swift in Sources */ = {isa = PBXBuildFile; fileRef = 9520C02829C2192C00E02C32 /* StoreTestAppSwiftUIApp.swift */; };
		9520C02B29C2192C00E02C32 /* SignInView.swift in Sources */ = {isa = PBXBuildFile; fileRef = 9520C02A29C2192C00E02C32 /* SignInView.swift */; };
		9520C02D29C2192D00E02C32 /* Assets.xcassets in Resources */ = {isa = PBXBuildFile; fileRef = 9520C02C29C2192D00E02C32 /* Assets.xcassets */; };
		9520C03029C2192D00E02C32 /* Preview Assets.xcassets in Resources */ = {isa = PBXBuildFile; fileRef = 9520C02F29C2192D00E02C32 /* Preview Assets.xcassets */; };
		9520C03229C2192D00E02C32 /* Persistence.swift in Sources */ = {isa = PBXBuildFile; fileRef = 9520C03129C2192D00E02C32 /* Persistence.swift */; };
		9520C03529C2192D00E02C32 /* StoreTestAppSwiftUI.xcdatamodeld in Sources */ = {isa = PBXBuildFile; fileRef = 9520C03329C2192D00E02C32 /* StoreTestAppSwiftUI.xcdatamodeld */; };
		9520C03C29C249BA00E02C32 /* LogInView.swift in Sources */ = {isa = PBXBuildFile; fileRef = 9520C03B29C249BA00E02C32 /* LogInView.swift */; };
		9520C03E29C36FDA00E02C32 /* TextFieldModifier.swift in Sources */ = {isa = PBXBuildFile; fileRef = 9520C03D29C36FDA00E02C32 /* TextFieldModifier.swift */; };
		9520C04029C3720100E02C32 /* ButtonModifier.swift in Sources */ = {isa = PBXBuildFile; fileRef = 9520C03F29C3720100E02C32 /* ButtonModifier.swift */; };
		9520C04529C458D300E02C32 /* PageOneView.swift in Sources */ = {isa = PBXBuildFile; fileRef = 9520C04429C458D300E02C32 /* PageOneView.swift */; };
		9520C04829C791F200E02C32 /* String Extension.swift in Sources */ = {isa = PBXBuildFile; fileRef = 9520C04729C791F200E02C32 /* String Extension.swift */; };
		9520C04A29C7944900E02C32 /* SecureInputView.swift in Sources */ = {isa = PBXBuildFile; fileRef = 9520C04929C7944900E02C32 /* SecureInputView.swift */; };
		9520C04C29C9B27F00E02C32 /* ProfileView.swift in Sources */ = {isa = PBXBuildFile; fileRef = 9520C04B29C9B27F00E02C32 /* ProfileView.swift */; };
		9555552529C9D6D000A977F3 /* ProfileButton.swift in Sources */ = {isa = PBXBuildFile; fileRef = 9555552429C9D6D000A977F3 /* ProfileButton.swift */; };
		9555552829CA390E00A977F3 /* CategoriesView.swift in Sources */ = {isa = PBXBuildFile; fileRef = 9555552729CA390E00A977F3 /* CategoriesView.swift */; };
		9555552A29CA39C500A977F3 /* Categories.swift in Sources */ = {isa = PBXBuildFile; fileRef = 9555552929CA39C500A977F3 /* Categories.swift */; };
		9555552C29CB73EF00A977F3 /* SearchBarView.swift in Sources */ = {isa = PBXBuildFile; fileRef = 9555552B29CB73EF00A977F3 /* SearchBarView.swift */; };
		9555552E29CB7AE200A977F3 /* GroupNameView.swift in Sources */ = {isa = PBXBuildFile; fileRef = 9555552D29CB7AE200A977F3 /* GroupNameView.swift */; };
		9555553029CB884600A977F3 /* LatestGroupView.swift in Sources */ = {isa = PBXBuildFile; fileRef = 9555552F29CB884600A977F3 /* LatestGroupView.swift */; };
		9555553229CB8DE100A977F3 /* Latest.swift in Sources */ = {isa = PBXBuildFile; fileRef = 9555553129CB8DE100A977F3 /* Latest.swift */; };
		9555553529CC4ECE00A977F3 /* NetworkManager.swift in Sources */ = {isa = PBXBuildFile; fileRef = 9555553429CC4ECE00A977F3 /* NetworkManager.swift */; };
		9555553729CCDF0200A977F3 /* FlashSale.swift in Sources */ = {isa = PBXBuildFile; fileRef = 9555553629CCDF0200A977F3 /* FlashSale.swift */; };
		9555553A29CCE21500A977F3 /* FlashSaleView.swift in Sources */ = {isa = PBXBuildFile; fileRef = 9555553929CCE21500A977F3 /* FlashSaleView.swift */; };
		9555553C29CDF37200A977F3 /* AddToCartButton.swift in Sources */ = {isa = PBXBuildFile; fileRef = 9555553B29CDF37200A977F3 /* AddToCartButton.swift */; };
		9555553E29CE206E00A977F3 /* FavoritesButtonView.swift in Sources */ = {isa = PBXBuildFile; fileRef = 9555553D29CE206E00A977F3 /* FavoritesButtonView.swift */; };
/* End PBXBuildFile section */

/* Begin PBXFileReference section */
		9520C02529C2192C00E02C32 /* StoreTestAppSwiftUI.app */ = {isa = PBXFileReference; explicitFileType = wrapper.application; includeInIndex = 0; path = StoreTestAppSwiftUI.app; sourceTree = BUILT_PRODUCTS_DIR; };
		9520C02829C2192C00E02C32 /* StoreTestAppSwiftUIApp.swift */ = {isa = PBXFileReference; lastKnownFileType = sourcecode.swift; path = StoreTestAppSwiftUIApp.swift; sourceTree = "<group>"; };
		9520C02A29C2192C00E02C32 /* SignInView.swift */ = {isa = PBXFileReference; lastKnownFileType = sourcecode.swift; path = SignInView.swift; sourceTree = "<group>"; };
		9520C02C29C2192D00E02C32 /* Assets.xcassets */ = {isa = PBXFileReference; lastKnownFileType = folder.assetcatalog; path = Assets.xcassets; sourceTree = "<group>"; };
		9520C02F29C2192D00E02C32 /* Preview Assets.xcassets */ = {isa = PBXFileReference; lastKnownFileType = folder.assetcatalog; path = "Preview Assets.xcassets"; sourceTree = "<group>"; };
		9520C03129C2192D00E02C32 /* Persistence.swift */ = {isa = PBXFileReference; lastKnownFileType = sourcecode.swift; path = Persistence.swift; sourceTree = "<group>"; };
		9520C03429C2192D00E02C32 /* StoreTestAppSwiftUI.xcdatamodel */ = {isa = PBXFileReference; lastKnownFileType = wrapper.xcdatamodel; path = StoreTestAppSwiftUI.xcdatamodel; sourceTree = "<group>"; };
		9520C03B29C249BA00E02C32 /* LogInView.swift */ = {isa = PBXFileReference; lastKnownFileType = sourcecode.swift; path = LogInView.swift; sourceTree = "<group>"; };
		9520C03D29C36FDA00E02C32 /* TextFieldModifier.swift */ = {isa = PBXFileReference; lastKnownFileType = sourcecode.swift; path = TextFieldModifier.swift; sourceTree = "<group>"; };
		9520C03F29C3720100E02C32 /* ButtonModifier.swift */ = {isa = PBXFileReference; lastKnownFileType = sourcecode.swift; path = ButtonModifier.swift; sourceTree = "<group>"; };
		9520C04429C458D300E02C32 /* PageOneView.swift */ = {isa = PBXFileReference; lastKnownFileType = sourcecode.swift; path = PageOneView.swift; sourceTree = "<group>"; };
		9520C04729C791F200E02C32 /* String Extension.swift */ = {isa = PBXFileReference; lastKnownFileType = sourcecode.swift; path = "String Extension.swift"; sourceTree = "<group>"; };
		9520C04929C7944900E02C32 /* SecureInputView.swift */ = {isa = PBXFileReference; lastKnownFileType = sourcecode.swift; path = SecureInputView.swift; sourceTree = "<group>"; };
		9520C04B29C9B27F00E02C32 /* ProfileView.swift */ = {isa = PBXFileReference; lastKnownFileType = sourcecode.swift; path = ProfileView.swift; sourceTree = "<group>"; };
		9555552429C9D6D000A977F3 /* ProfileButton.swift */ = {isa = PBXFileReference; lastKnownFileType = sourcecode.swift; path = ProfileButton.swift; sourceTree = "<group>"; };
		9555552729CA390E00A977F3 /* CategoriesView.swift */ = {isa = PBXFileReference; lastKnownFileType = sourcecode.swift; path = CategoriesView.swift; sourceTree = "<group>"; };
		9555552929CA39C500A977F3 /* Categories.swift */ = {isa = PBXFileReference; lastKnownFileType = sourcecode.swift; path = Categories.swift; sourceTree = "<group>"; };
		9555552B29CB73EF00A977F3 /* SearchBarView.swift */ = {isa = PBXFileReference; lastKnownFileType = sourcecode.swift; path = SearchBarView.swift; sourceTree = "<group>"; };
		9555552D29CB7AE200A977F3 /* GroupNameView.swift */ = {isa = PBXFileReference; lastKnownFileType = sourcecode.swift; path = GroupNameView.swift; sourceTree = "<group>"; };
		9555552F29CB884600A977F3 /* LatestGroupView.swift */ = {isa = PBXFileReference; lastKnownFileType = sourcecode.swift; path = LatestGroupView.swift; sourceTree = "<group>"; };
		9555553129CB8DE100A977F3 /* Latest.swift */ = {isa = PBXFileReference; lastKnownFileType = sourcecode.swift; path = Latest.swift; sourceTree = "<group>"; };
		9555553429CC4ECE00A977F3 /* NetworkManager.swift */ = {isa = PBXFileReference; lastKnownFileType = sourcecode.swift; path = NetworkManager.swift; sourceTree = "<group>"; };
		9555553629CCDF0200A977F3 /* FlashSale.swift */ = {isa = PBXFileReference; lastKnownFileType = sourcecode.swift; path = FlashSale.swift; sourceTree = "<group>"; };
		9555553929CCE21500A977F3 /* FlashSaleView.swift */ = {isa = PBXFileReference; lastKnownFileType = sourcecode.swift; path = FlashSaleView.swift; sourceTree = "<group>"; };
		9555553B29CDF37200A977F3 /* AddToCartButton.swift */ = {isa = PBXFileReference; lastKnownFileType = sourcecode.swift; path = AddToCartButton.swift; sourceTree = "<group>"; };
		9555553D29CE206E00A977F3 /* FavoritesButtonView.swift */ = {isa = PBXFileReference; lastKnownFileType = sourcecode.swift; path = FavoritesButtonView.swift; sourceTree = "<group>"; };
/* End PBXFileReference section */

/* Begin PBXFrameworksBuildPhase section */
		9520C02229C2192C00E02C32 /* Frameworks */ = {
			isa = PBXFrameworksBuildPhase;
			buildActionMask = 2147483647;
			files = (
			);
			runOnlyForDeploymentPostprocessing = 0;
		};
/* End PBXFrameworksBuildPhase section */

/* Begin PBXGroup section */
		9520C01C29C2192C00E02C32 = {
			isa = PBXGroup;
			children = (
				9520C02729C2192C00E02C32 /* StoreTestAppSwiftUI */,
				9520C02629C2192C00E02C32 /* Products */,
			);
			sourceTree = "<group>";
		};
		9520C02629C2192C00E02C32 /* Products */ = {
			isa = PBXGroup;
			children = (
				9520C02529C2192C00E02C32 /* StoreTestAppSwiftUI.app */,
			);
			name = Products;
			sourceTree = "<group>";
		};
		9520C02729C2192C00E02C32 /* StoreTestAppSwiftUI */ = {
			isa = PBXGroup;
			children = (
				9520C02829C2192C00E02C32 /* StoreTestAppSwiftUIApp.swift */,
				9520C04B29C9B27F00E02C32 /* ProfileView.swift */,
				9520C02A29C2192C00E02C32 /* SignInView.swift */,
				9520C03B29C249BA00E02C32 /* LogInView.swift */,
				9555553329CC4EB800A977F3 /* Networking */,
				9555552629CA38E600A977F3 /* PageOneViews */,
				9555552129C9D6A400A977F3 /* Helpers */,
				9555551E29C9D04500A977F3 /* Models */,
				9520C04629C791D200E02C32 /* Extensions */,
				9520C04129C4547900E02C32 /* ViewModifier */,
				9520C02C29C2192D00E02C32 /* Assets.xcassets */,
				9520C03129C2192D00E02C32 /* Persistence.swift */,
				9520C03329C2192D00E02C32 /* StoreTestAppSwiftUI.xcdatamodeld */,
				9520C02E29C2192D00E02C32 /* Preview Content */,
			);
			path = StoreTestAppSwiftUI;
			sourceTree = "<group>";
		};
		9520C02E29C2192D00E02C32 /* Preview Content */ = {
			isa = PBXGroup;
			children = (
				9520C02F29C2192D00E02C32 /* Preview Assets.xcassets */,
			);
			path = "Preview Content";
			sourceTree = "<group>";
		};
		9520C04129C4547900E02C32 /* ViewModifier */ = {
			isa = PBXGroup;
			children = (
				9520C03D29C36FDA00E02C32 /* TextFieldModifier.swift */,
				9520C03F29C3720100E02C32 /* ButtonModifier.swift */,
			);
			path = ViewModifier;
			sourceTree = "<group>";
		};
		9520C04629C791D200E02C32 /* Extensions */ = {
			isa = PBXGroup;
			children = (
				9520C04729C791F200E02C32 /* String Extension.swift */,
			);
			path = Extensions;
			sourceTree = "<group>";
		};
		9555551E29C9D04500A977F3 /* Models */ = {
			isa = PBXGroup;
			children = (
				9555552929CA39C500A977F3 /* Categories.swift */,
				9555553129CB8DE100A977F3 /* Latest.swift */,
				9555553629CCDF0200A977F3 /* FlashSale.swift */,
			);
			path = Models;
			sourceTree = "<group>";
		};
		9555552129C9D6A400A977F3 /* Helpers */ = {
			isa = PBXGroup;
			children = (
				9520C04929C7944900E02C32 /* SecureInputView.swift */,
				9555552429C9D6D000A977F3 /* ProfileButton.swift */,
				9555553B29CDF37200A977F3 /* AddToCartButton.swift */,
				9555553D29CE206E00A977F3 /* FavoritesButtonView.swift */,
			);
			path = Helpers;
			sourceTree = "<group>";
		};
		9555552629CA38E600A977F3 /* PageOneViews */ = {
			isa = PBXGroup;
			children = (
				9520C04429C458D300E02C32 /* PageOneView.swift */,
				9555553929CCE21500A977F3 /* FlashSaleView.swift */,
				9555552F29CB884600A977F3 /* LatestGroupView.swift */,
				9555552D29CB7AE200A977F3 /* GroupNameView.swift */,
				9555552B29CB73EF00A977F3 /* SearchBarView.swift */,
				9555552729CA390E00A977F3 /* CategoriesView.swift */,
			);
			path = PageOneViews;
			sourceTree = "<group>";
		};
		9555553329CC4EB800A977F3 /* Networking */ = {
			isa = PBXGroup;
			children = (
				9555553429CC4ECE00A977F3 /* NetworkManager.swift */,
			);
			path = Networking;
			sourceTree = "<group>";
		};
/* End PBXGroup section */

/* Begin PBXNativeTarget section */
		9520C02429C2192C00E02C32 /* StoreTestAppSwiftUI */ = {
			isa = PBXNativeTarget;
			buildConfigurationList = 9520C03829C2192D00E02C32 /* Build configuration list for PBXNativeTarget "StoreTestAppSwiftUI" */;
			buildPhases = (
				9520C02129C2192C00E02C32 /* Sources */,
				9520C02229C2192C00E02C32 /* Frameworks */,
				9520C02329C2192C00E02C32 /* Resources */,
			);
			buildRules = (
			);
			dependencies = (
			);
			name = StoreTestAppSwiftUI;
			productName = StoreTestAppSwiftUI;
			productReference = 9520C02529C2192C00E02C32 /* StoreTestAppSwiftUI.app */;
			productType = "com.apple.product-type.application";
		};
/* End PBXNativeTarget section */

/* Begin PBXProject section */
		9520C01D29C2192C00E02C32 /* Project object */ = {
			isa = PBXProject;
			attributes = {
				BuildIndependentTargetsInParallel = 1;
				LastSwiftUpdateCheck = 1420;
				LastUpgradeCheck = 1420;
				TargetAttributes = {
					9520C02429C2192C00E02C32 = {
						CreatedOnToolsVersion = 14.2;
					};
				};
			};
			buildConfigurationList = 9520C02029C2192C00E02C32 /* Build configuration list for PBXProject "StoreTestAppSwiftUI" */;
			compatibilityVersion = "Xcode 14.0";
			developmentRegion = en;
			hasScannedForEncodings = 0;
			knownRegions = (
				en,
				Base,
			);
			mainGroup = 9520C01C29C2192C00E02C32;
			productRefGroup = 9520C02629C2192C00E02C32 /* Products */;
			projectDirPath = "";
			projectRoot = "";
			targets = (
				9520C02429C2192C00E02C32 /* StoreTestAppSwiftUI */,
			);
		};
/* End PBXProject section */

/* Begin PBXResourcesBuildPhase section */
		9520C02329C2192C00E02C32 /* Resources */ = {
			isa = PBXResourcesBuildPhase;
			buildActionMask = 2147483647;
			files = (
				9520C03029C2192D00E02C32 /* Preview Assets.xcassets in Resources */,
				9520C02D29C2192D00E02C32 /* Assets.xcassets in Resources */,
			);
			runOnlyForDeploymentPostprocessing = 0;
		};
/* End PBXResourcesBuildPhase section */

/* Begin PBXSourcesBuildPhase section */
		9520C02129C2192C00E02C32 /* Sources */ = {
			isa = PBXSourcesBuildPhase;
			buildActionMask = 2147483647;
			files = (
				9555553529CC4ECE00A977F3 /* NetworkManager.swift in Sources */,
				9555553A29CCE21500A977F3 /* FlashSaleView.swift in Sources */,
				9555553729CCDF0200A977F3 /* FlashSale.swift in Sources */,
				9520C04A29C7944900E02C32 /* SecureInputView.swift in Sources */,
				9555552A29CA39C500A977F3 /* Categories.swift in Sources */,
				9555553229CB8DE100A977F3 /* Latest.swift in Sources */,
				9555553C29CDF37200A977F3 /* AddToCartButton.swift in Sources */,
				9520C03E29C36FDA00E02C32 /* TextFieldModifier.swift in Sources */,
				9520C04029C3720100E02C32 /* ButtonModifier.swift in Sources */,
				9555552529C9D6D000A977F3 /* ProfileButton.swift in Sources */,
				9520C03C29C249BA00E02C32 /* LogInView.swift in Sources */,
				9520C03229C2192D00E02C32 /* Persistence.swift in Sources */,
				9555552E29CB7AE200A977F3 /* GroupNameView.swift in Sources */,
				9555553E29CE206E00A977F3 /* FavoritesButtonView.swift in Sources */,
				9555552829CA390E00A977F3 /* CategoriesView.swift in Sources */,
				9520C02B29C2192C00E02C32 /* SignInView.swift in Sources */,
				9520C03529C2192D00E02C32 /* StoreTestAppSwiftUI.xcdatamodeld in Sources */,
				9555553029CB884600A977F3 /* LatestGroupView.swift in Sources */,
				9555552C29CB73EF00A977F3 /* SearchBarView.swift in Sources */,
				9520C04529C458D300E02C32 /* PageOneView.swift in Sources */,
				9520C02929C2192C00E02C32 /* StoreTestAppSwiftUIApp.swift in Sources */,
				9520C04C29C9B27F00E02C32 /* ProfileView.swift in Sources */,
				9520C04829C791F200E02C32 /* String Extension.swift in Sources */,
			);
			runOnlyForDeploymentPostprocessing = 0;
		};
/* End PBXSourcesBuildPhase section */

/* Begin XCBuildConfiguration section */
		9520C03629C2192D00E02C32 /* Debug */ = {
			isa = XCBuildConfiguration;
			buildSettings = {
				ALWAYS_SEARCH_USER_PATHS = NO;
				CLANG_ANALYZER_NONNULL = YES;
				CLANG_ANALYZER_NUMBER_OBJECT_CONVERSION = YES_AGGRESSIVE;
				CLANG_CXX_LANGUAGE_STANDARD = "gnu++20";
				CLANG_ENABLE_MODULES = YES;
				CLANG_ENABLE_OBJC_ARC = YES;
				CLANG_ENABLE_OBJC_WEAK = YES;
				CLANG_WARN_BLOCK_CAPTURE_AUTORELEASING = YES;
				CLANG_WARN_BOOL_CONVERSION = YES;
				CLANG_WARN_COMMA = YES;
				CLANG_WARN_CONSTANT_CONVERSION = YES;
				CLANG_WARN_DEPRECATED_OBJC_IMPLEMENTATIONS = YES;
				CLANG_WARN_DIRECT_OBJC_ISA_USAGE = YES_ERROR;
				CLANG_WARN_DOCUMENTATION_COMMENTS = YES;
				CLANG_WARN_EMPTY_BODY = YES;
				CLANG_WARN_ENUM_CONVERSION = YES;
				CLANG_WARN_INFINITE_RECURSION = YES;
				CLANG_WARN_INT_CONVERSION = YES;
				CLANG_WARN_NON_LITERAL_NULL_CONVERSION = YES;
				CLANG_WARN_OBJC_IMPLICIT_RETAIN_SELF = YES;
				CLANG_WARN_OBJC_LITERAL_CONVERSION = YES;
				CLANG_WARN_OBJC_ROOT_CLASS = YES_ERROR;
				CLANG_WARN_QUOTED_INCLUDE_IN_FRAMEWORK_HEADER = YES;
				CLANG_WARN_RANGE_LOOP_ANALYSIS = YES;
				CLANG_WARN_STRICT_PROTOTYPES = YES;
				CLANG_WARN_SUSPICIOUS_MOVE = YES;
				CLANG_WARN_UNGUARDED_AVAILABILITY = YES_AGGRESSIVE;
				CLANG_WARN_UNREACHABLE_CODE = YES;
				CLANG_WARN__DUPLICATE_METHOD_MATCH = YES;
				COPY_PHASE_STRIP = NO;
				DEBUG_INFORMATION_FORMAT = dwarf;
				ENABLE_STRICT_OBJC_MSGSEND = YES;
				ENABLE_TESTABILITY = YES;
				GCC_C_LANGUAGE_STANDARD = gnu11;
				GCC_DYNAMIC_NO_PIC = NO;
				GCC_NO_COMMON_BLOCKS = YES;
				GCC_OPTIMIZATION_LEVEL = 0;
				GCC_PREPROCESSOR_DEFINITIONS = (
					"DEBUG=1",
					"$(inherited)",
				);
				GCC_WARN_64_TO_32_BIT_CONVERSION = YES;
				GCC_WARN_ABOUT_RETURN_TYPE = YES_ERROR;
				GCC_WARN_UNDECLARED_SELECTOR = YES;
				GCC_WARN_UNINITIALIZED_AUTOS = YES_AGGRESSIVE;
				GCC_WARN_UNUSED_FUNCTION = YES;
				GCC_WARN_UNUSED_VARIABLE = YES;
				IPHONEOS_DEPLOYMENT_TARGET = 16.2;
				MTL_ENABLE_DEBUG_INFO = INCLUDE_SOURCE;
				MTL_FAST_MATH = YES;
				ONLY_ACTIVE_ARCH = YES;
				SDKROOT = iphoneos;
				SWIFT_ACTIVE_COMPILATION_CONDITIONS = DEBUG;
				SWIFT_OPTIMIZATION_LEVEL = "-Onone";
			};
			name = Debug;
		};
		9520C03729C2192D00E02C32 /* Release */ = {
			isa = XCBuildConfiguration;
			buildSettings = {
				ALWAYS_SEARCH_USER_PATHS = NO;
				CLANG_ANALYZER_NONNULL = YES;
				CLANG_ANALYZER_NUMBER_OBJECT_CONVERSION = YES_AGGRESSIVE;
				CLANG_CXX_LANGUAGE_STANDARD = "gnu++20";
				CLANG_ENABLE_MODULES = YES;
				CLANG_ENABLE_OBJC_ARC = YES;
				CLANG_ENABLE_OBJC_WEAK = YES;
				CLANG_WARN_BLOCK_CAPTURE_AUTORELEASING = YES;
				CLANG_WARN_BOOL_CONVERSION = YES;
				CLANG_WARN_COMMA = YES;
				CLANG_WARN_CONSTANT_CONVERSION = YES;
				CLANG_WARN_DEPRECATED_OBJC_IMPLEMENTATIONS = YES;
				CLANG_WARN_DIRECT_OBJC_ISA_USAGE = YES_ERROR;
				CLANG_WARN_DOCUMENTATION_COMMENTS = YES;
				CLANG_WARN_EMPTY_BODY = YES;
				CLANG_WARN_ENUM_CONVERSION = YES;
				CLANG_WARN_INFINITE_RECURSION = YES;
				CLANG_WARN_INT_CONVERSION = YES;
				CLANG_WARN_NON_LITERAL_NULL_CONVERSION = YES;
				CLANG_WARN_OBJC_IMPLICIT_RETAIN_SELF = YES;
				CLANG_WARN_OBJC_LITERAL_CONVERSION = YES;
				CLANG_WARN_OBJC_ROOT_CLASS = YES_ERROR;
				CLANG_WARN_QUOTED_INCLUDE_IN_FRAMEWORK_HEADER = YES;
				CLANG_WARN_RANGE_LOOP_ANALYSIS = YES;
				CLANG_WARN_STRICT_PROTOTYPES = YES;
				CLANG_WARN_SUSPICIOUS_MOVE = YES;
				CLANG_WARN_UNGUARDED_AVAILABILITY = YES_AGGRESSIVE;
				CLANG_WARN_UNREACHABLE_CODE = YES;
				CLANG_WARN__DUPLICATE_METHOD_MATCH = YES;
				COPY_PHASE_STRIP = NO;
				DEBUG_INFORMATION_FORMAT = "dwarf-with-dsym";
				ENABLE_NS_ASSERTIONS = NO;
				ENABLE_STRICT_OBJC_MSGSEND = YES;
				GCC_C_LANGUAGE_STANDARD = gnu11;
				GCC_NO_COMMON_BLOCKS = YES;
				GCC_WARN_64_TO_32_BIT_CONVERSION = YES;
				GCC_WARN_ABOUT_RETURN_TYPE = YES_ERROR;
				GCC_WARN_UNDECLARED_SELECTOR = YES;
				GCC_WARN_UNINITIALIZED_AUTOS = YES_AGGRESSIVE;
				GCC_WARN_UNUSED_FUNCTION = YES;
				GCC_WARN_UNUSED_VARIABLE = YES;
				IPHONEOS_DEPLOYMENT_TARGET = 16.2;
				MTL_ENABLE_DEBUG_INFO = NO;
				MTL_FAST_MATH = YES;
				SDKROOT = iphoneos;
				SWIFT_COMPILATION_MODE = wholemodule;
				SWIFT_OPTIMIZATION_LEVEL = "-O";
				VALIDATE_PRODUCT = YES;
			};
			name = Release;
		};
		9520C03929C2192D00E02C32 /* Debug */ = {
			isa = XCBuildConfiguration;
			buildSettings = {
				ASSETCATALOG_COMPILER_APPICON_NAME = AppIcon;
				ASSETCATALOG_COMPILER_GLOBAL_ACCENT_COLOR_NAME = AccentColor;
				CODE_SIGN_STYLE = Automatic;
				CURRENT_PROJECT_VERSION = 1;
				DEVELOPMENT_ASSET_PATHS = "\"StoreTestAppSwiftUI/Preview Content\"";
				DEVELOPMENT_TEAM = WGB4PJQA77;
				ENABLE_PREVIEWS = YES;
				GENERATE_INFOPLIST_FILE = YES;
				INFOPLIST_KEY_UIApplicationSceneManifest_Generation = YES;
				INFOPLIST_KEY_UIApplicationSupportsIndirectInputEvents = YES;
				INFOPLIST_KEY_UILaunchScreen_Generation = YES;
				INFOPLIST_KEY_UISupportedInterfaceOrientations_iPad = "UIInterfaceOrientationPortrait UIInterfaceOrientationPortraitUpsideDown UIInterfaceOrientationLandscapeLeft UIInterfaceOrientationLandscapeRight";
				INFOPLIST_KEY_UISupportedInterfaceOrientations_iPhone = "UIInterfaceOrientationPortrait UIInterfaceOrientationLandscapeLeft UIInterfaceOrientationLandscapeRight";
				LD_RUNPATH_SEARCH_PATHS = (
					"$(inherited)",
					"@executable_path/Frameworks",
				);
				MARKETING_VERSION = 1.0;
				PRODUCT_BUNDLE_IDENTIFIER = Education.StoreTestAppSwiftUI;
				PRODUCT_NAME = "$(TARGET_NAME)";
				SWIFT_EMIT_LOC_STRINGS = YES;
				SWIFT_VERSION = 5.0;
				TARGETED_DEVICE_FAMILY = "1,2";
			};
			name = Debug;
		};
		9520C03A29C2192D00E02C32 /* Release */ = {
			isa = XCBuildConfiguration;
			buildSettings = {
				ASSETCATALOG_COMPILER_APPICON_NAME = AppIcon;
				ASSETCATALOG_COMPILER_GLOBAL_ACCENT_COLOR_NAME = AccentColor;
				CODE_SIGN_STYLE = Automatic;
				CURRENT_PROJECT_VERSION = 1;
				DEVELOPMENT_ASSET_PATHS = "\"StoreTestAppSwiftUI/Preview Content\"";
				DEVELOPMENT_TEAM = WGB4PJQA77;
				ENABLE_PREVIEWS = YES;
				GENERATE_INFOPLIST_FILE = YES;
				INFOPLIST_KEY_UIApplicationSceneManifest_Generation = YES;
				INFOPLIST_KEY_UIApplicationSupportsIndirectInputEvents = YES;
				INFOPLIST_KEY_UILaunchScreen_Generation = YES;
				INFOPLIST_KEY_UISupportedInterfaceOrientations_iPad = "UIInterfaceOrientationPortrait UIInterfaceOrientationPortraitUpsideDown UIInterfaceOrientationLandscapeLeft UIInterfaceOrientationLandscapeRight";
				INFOPLIST_KEY_UISupportedInterfaceOrientations_iPhone = "UIInterfaceOrientationPortrait UIInterfaceOrientationLandscapeLeft UIInterfaceOrientationLandscapeRight";
				LD_RUNPATH_SEARCH_PATHS = (
					"$(inherited)",
					"@executable_path/Frameworks",
				);
				MARKETING_VERSION = 1.0;
				PRODUCT_BUNDLE_IDENTIFIER = Education.StoreTestAppSwiftUI;
				PRODUCT_NAME = "$(TARGET_NAME)";
				SWIFT_EMIT_LOC_STRINGS = YES;
				SWIFT_VERSION = 5.0;
				TARGETED_DEVICE_FAMILY = "1,2";
			};
			name = Release;
		};
/* End XCBuildConfiguration section */

/* Begin XCConfigurationList section */
		9520C02029C2192C00E02C32 /* Build configuration list for PBXProject "StoreTestAppSwiftUI" */ = {
			isa = XCConfigurationList;
			buildConfigurations = (
				9520C03629C2192D00E02C32 /* Debug */,
				9520C03729C2192D00E02C32 /* Release */,
			);
			defaultConfigurationIsVisible = 0;
			defaultConfigurationName = Release;
		};
		9520C03829C2192D00E02C32 /* Build configuration list for PBXNativeTarget "StoreTestAppSwiftUI" */ = {
			isa = XCConfigurationList;
			buildConfigurations = (
				9520C03929C2192D00E02C32 /* Debug */,
				9520C03A29C2192D00E02C32 /* Release */,
			);
			defaultConfigurationIsVisible = 0;
			defaultConfigurationName = Release;
		};
/* End XCConfigurationList section */

/* Begin XCVersionGroup section */
		9520C03329C2192D00E02C32 /* StoreTestAppSwiftUI.xcdatamodeld */ = {
			isa = XCVersionGroup;
			children = (
				9520C03429C2192D00E02C32 /* StoreTestAppSwiftUI.xcdatamodel */,
			);
			currentVersion = 9520C03429C2192D00E02C32 /* StoreTestAppSwiftUI.xcdatamodel */;
			path = StoreTestAppSwiftUI.xcdatamodeld;
			sourceTree = "<group>";
			versionGroupType = wrapper.xcdatamodel;
		};
/* End XCVersionGroup section */
	};
	rootObject = 9520C01D29C2192C00E02C32 /* Project object */;
}
